
Microsoft Visual Studio Solution File, Format Version 12.00
# Visual Studio Version 17
VisualStudioVersion = 17.5.002.0
MinimumVisualStudioVersion = 10.0.40219.1
Project("{2150E333-8FDC-42A3-9474-1A3956D46DE8}") = "dotnet", "dotnet", "{3BF0A2FB-3644-4420-BA54-EFFACEC53EA1}"
EndProject
Project("{2150E333-8FDC-42A3-9474-1A3956D46DE8}") = "api", "api", "{69EEEA6B-6BF5-434A-A023-433EE6E1C093}"
EndProject
Project("{9A19103F-16F7-4668-BE54-9A1E7A4F7556}") = "TodoApi", "dotnet\api\TodoApi\TodoApi.csproj", "{7B0D523D-BC9A-44FA-8117-41207A2253B6}"
EndProject
Global
	GlobalSection(SolutionConfigurationPlatforms) = preSolution
		Debug|Any CPU = Debug|Any CPU
		Release|Any CPU = Release|Any CPU
	EndGlobalSection
	GlobalSection(ProjectConfigurationPlatforms) = postSolution
		{7B0D523D-BC9A-44FA-8117-41207A2253B6}.Debug|Any CPU.ActiveCfg = Debug|Any CPU
		{7B0D523D-BC9A-44FA-8117-41207A2253B6}.Debug|Any CPU.Build.0 = Debug|Any CPU
		{7B0D523D-BC9A-44FA-8117-41207A2253B6}.Release|Any CPU.ActiveCfg = Release|Any CPU
		{7B0D523D-BC9A-44FA-8117-41207A2253B6}.Release|Any CPU.Build.0 = Release|Any CPU
	EndGlobalSection
	GlobalSection(SolutionProperties) = preSolution
		HideSolutionNode = FALSE
	EndGlobalSection
	GlobalSection(NestedProjects) = preSolution
		{69EEEA6B-6BF5-434A-A023-433EE6E1C093} = {3BF0A2FB-3644-4420-BA54-EFFACEC53EA1}
		{7B0D523D-BC9A-44FA-8117-41207A2253B6} = {69EEEA6B-6BF5-434A-A023-433EE6E1C093}
	EndGlobalSection
	GlobalSection(ExtensibilityGlobals) = postSolution
		SolutionGuid = {5EBEE164-233F-41E7-877A-B38B7191C2E2}
	EndGlobalSection
EndGlobal
