
Microsoft Visual Studio Solution File, Format Version 12.00
# Visual Studio Version 17
VisualStudioVersion = 17.5.002.0
MinimumVisualStudioVersion = 10.0.40219.1
Project("{9A19103F-16F7-4668-BE54-9A1E7A4F7556}") = "real-time-app", "server\real-time-app.csproj", "{170ED479-1474-413A-A0C0-31D136203F32}"
EndProject
Global
	GlobalSection(SolutionConfigurationPlatforms) = preSolution
		Debug|Any CPU = Debug|Any CPU
		Release|Any CPU = Release|Any CPU
	EndGlobalSection
	GlobalSection(ProjectConfigurationPlatforms) = postSolution
		{170ED479-1474-413A-A0C0-31D136203F32}.Debug|Any CPU.ActiveCfg = Debug|Any CPU
		{170ED479-1474-413A-A0C0-31D136203F32}.Debug|Any CPU.Build.0 = Debug|Any CPU
		{170ED479-1474-413A-A0C0-31D136203F32}.Release|Any CPU.ActiveCfg = Release|Any CPU
		{170ED479-1474-413A-A0C0-31D136203F32}.Release|Any CPU.Build.0 = Release|Any CPU
	EndGlobalSection
	GlobalSection(SolutionProperties) = preSolution
		HideSolutionNode = FALSE
	EndGlobalSection
	GlobalSection(ExtensibilityGlobals) = postSolution
		SolutionGuid = {239B5B22-5983-451E-A498-F96E3B62261A}
	EndGlobalSection
EndGlobal
